
Microsoft Visual Studio Solution File, Format Version 12.00
# Visual Studio Version 16
VisualStudioVersion = 16.0.31321.278
MinimumVisualStudioVersion = 10.0.40219.1
Project("{FAE04EC0-301F-11D3-BF4B-00C04F79EFBC}") = "WpfStudyDemo", "WpfStudyDemo\WpfStudyDemo.csproj", "{26791EEC-37FF-4BE8-B24C-C52453AABAFF}"
EndProject
Global
	GlobalSection(SolutionConfigurationPlatforms) = preSolution
		Debug|Any CPU = Debug|Any CPU
		Release|Any CPU = Release|Any CPU
	EndGlobalSection
	GlobalSection(ProjectConfigurationPlatforms) = postSolution
		{26791EEC-37FF-4BE8-B24C-C52453AABAFF}.Debug|Any CPU.ActiveCfg = Debug|Any CPU
		{26791EEC-37FF-4BE8-B24C-C52453AABAFF}.Debug|Any CPU.Build.0 = Debug|Any CPU
		{26791EEC-37FF-4BE8-B24C-C52453AABAFF}.Release|Any CPU.ActiveCfg = Release|Any CPU
		{26791EEC-37FF-4BE8-B24C-C52453AABAFF}.Release|Any CPU.Build.0 = Release|Any CPU
	EndGlobalSection
	GlobalSection(SolutionProperties) = preSolution
		HideSolutionNode = FALSE
	EndGlobalSection
	GlobalSection(ExtensibilityGlobals) = postSolution
		SolutionGuid = {2F053F28-FE80-4ADC-A6F0-70886C47568C}
	EndGlobalSection
EndGlobal
